
Microsoft Visual Studio Solution File, Format Version 12.00
# Visual Studio Version 16
VisualStudioVersion = 16.0.29409.12
MinimumVisualStudioVersion = 15.0.26124.0
Project("{9A19103F-16F7-4668-BE54-9A1E7A4F7556}") = "Dal.MongoDb", "src\Dal.MongoDb\Dal.MongoDb.csproj", "{6A10979B-FBAE-488A-B5BC-0E45716DFE88}"
EndProject
Project("{2150E333-8FDC-42A3-9474-1A3956D46DE8}") = "1 - Shared", "1 - Shared", "{215584EC-8DFC-4DAD-B3A0-D419CEC24260}"
EndProject
Project("{2150E333-8FDC-42A3-9474-1A3956D46DE8}") = "3 - Applications", "3 - Applications", "{61C528CD-816E-4FC5-ADFA-C5C25A3C4052}"
EndProject
Project("{2150E333-8FDC-42A3-9474-1A3956D46DE8}") = "2 - Components", "2 - Components", "{59B2BDBC-F7DE-47F8-880E-248202630B1A}"
EndProject
Project("{2150E333-8FDC-42A3-9474-1A3956D46DE8}") = "Car", "Car", "{A52EF787-A7DD-4F2F-99B1-9A62CBE1DE5B}"
EndProject
Project("{2150E333-8FDC-42A3-9474-1A3956D46DE8}") = "Movie", "Movie", "{A6A8275A-6360-43E7-AB5A-D8A1E96BED06}"
EndProject
Project("{9A19103F-16F7-4668-BE54-9A1E7A4F7556}") = "CarComponent.Domain", "src\CarComponent.Domain\CarComponent.Domain.csproj", "{A2193B19-8191-4A28-9E64-23D9083A0531}"
EndProject
Project("{9A19103F-16F7-4668-BE54-9A1E7A4F7556}") = "CarComponent.Infrastructure.MongoDb", "src\CarComponent.Infrastructure.MongoDb\CarComponent.Infrastructure.MongoDb.csproj", "{F7250DAA-718B-44FB-990B-AD7DFC488AA7}"
EndProject
Project("{2150E333-8FDC-42A3-9474-1A3956D46DE8}") = "0 - Solution Items", "0 - Solution Items", "{73A074B8-D41E-4CCD-AC4B-95DB716EC6C6}"
	ProjectSection(SolutionItems) = preProject
		.editorconfig = .editorconfig
		.gitignore = .gitignore
		..\.azure\pipelines\ci.yml = ..\.azure\pipelines\ci.yml
		CodeCoverage.runsettings = CodeCoverage.runsettings
		..\.azure\pipelines\pkg.yml = ..\.azure\pipelines\pkg.yml
		README.md = README.md
	EndProjectSection
EndProject
Project("{9A19103F-16F7-4668-BE54-9A1E7A4F7556}") = "Api", "src\Api\Api.csproj", "{651432D5-8481-4807-A422-552EEB4DE8C2}"
EndProject
Project("{9A19103F-16F7-4668-BE54-9A1E7A4F7556}") = "MovieComponent.Domain", "src\MovieComponent.Domain\MovieComponent.Domain.csproj", "{FAD8CE20-6164-4986-B3C1-6DF1EFF3C58B}"
EndProject
Project("{9A19103F-16F7-4668-BE54-9A1E7A4F7556}") = "MovieComponent.Infrastructure.MongoDb", "src\MovieComponent.Infrastructure.MongoDb\MovieComponent.Infrastructure.MongoDb.csproj", "{02479358-D65A-4EF1-BA14-BD21706FBA20}"
EndProject
Project("{9A19103F-16F7-4668-BE54-9A1E7A4F7556}") = "Api.UnitTests", "test\Api.UnitTests\Api.UnitTests.csproj", "{4A5DD2D1-38C0-45AA-8208-D3F22F01139B}"
EndProject
Project("{9A19103F-16F7-4668-BE54-9A1E7A4F7556}") = "MovieComponent.Infrastructure.MongoDb.UnitTests", "test\MovieComponent.Infrastructure.MongoDb.UnitTests\MovieComponent.Infrastructure.MongoDb.UnitTests.csproj", "{268FCE94-786F-4C3D-8C39-6F5644CE2017}"
EndProject
Project("{9A19103F-16F7-4668-BE54-9A1E7A4F7556}") = "CarComponent.Infrastructure.MongoDb.UnitTests", "test\CarComponent.Infrastructure.MongoDb.UnitTests\CarComponent.Infrastructure.MongoDb.UnitTests.csproj", "{245ABB46-29DB-4314-9B9F-0899FAD2AA33}"
EndProject
Project("{9A19103F-16F7-4668-BE54-9A1E7A4F7556}") = "Api.Dto", "src\Api.Dto\Api.Dto.csproj", "{E806D1DE-6FFC-4C71-B2D3-3CC9DE91C180}"
EndProject
Project("{2150E333-8FDC-42A3-9474-1A3956D46DE8}") = "Inventory", "Inventory", "{E0274864-4E39-481B-A93B-7368E68B8902}"
EndProject
Project("{9A19103F-16F7-4668-BE54-9A1E7A4F7556}") = "InventoryComponent.Domain", "src\InventoryComponent.Domain\InventoryComponent.Domain.csproj", "{19F13DE8-3351-45C5-82C7-DB127E318306}"
EndProject
Project("{9A19103F-16F7-4668-BE54-9A1E7A4F7556}") = "InventoryComponent.Infrastructure.MongoDb", "src\InventoryComponent.Infrastructure.MongoDb\InventoryComponent.Infrastructure.MongoDb.csproj", "{597D37CF-D230-42C7-A168-01605114170D}"
EndProject
Project("{9A19103F-16F7-4668-BE54-9A1E7A4F7556}") = "InventoryComponent.Infrastructure.MongoDb.UnitTests", "test\InventoryComponent.Infrastructure.MongoDb.UnitTests\InventoryComponent.Infrastructure.MongoDb.UnitTests.csproj", "{042D62F6-C2DD-4DAD-A2B5-9440871875B8}"
EndProject
Global
	GlobalSection(SolutionConfigurationPlatforms) = preSolution
		Debug|Any CPU = Debug|Any CPU
		Release|Any CPU = Release|Any CPU
	EndGlobalSection
	GlobalSection(ProjectConfigurationPlatforms) = postSolution
		{6A10979B-FBAE-488A-B5BC-0E45716DFE88}.Debug|Any CPU.ActiveCfg = Debug|Any CPU
		{6A10979B-FBAE-488A-B5BC-0E45716DFE88}.Debug|Any CPU.Build.0 = Debug|Any CPU
		{6A10979B-FBAE-488A-B5BC-0E45716DFE88}.Release|Any CPU.ActiveCfg = Release|Any CPU
		{6A10979B-FBAE-488A-B5BC-0E45716DFE88}.Release|Any CPU.Build.0 = Release|Any CPU
		{A2193B19-8191-4A28-9E64-23D9083A0531}.Debug|Any CPU.ActiveCfg = Debug|Any CPU
		{A2193B19-8191-4A28-9E64-23D9083A0531}.Debug|Any CPU.Build.0 = Debug|Any CPU
		{A2193B19-8191-4A28-9E64-23D9083A0531}.Release|Any CPU.ActiveCfg = Release|Any CPU
		{A2193B19-8191-4A28-9E64-23D9083A0531}.Release|Any CPU.Build.0 = Release|Any CPU
		{F7250DAA-718B-44FB-990B-AD7DFC488AA7}.Debug|Any CPU.ActiveCfg = Debug|Any CPU
		{F7250DAA-718B-44FB-990B-AD7DFC488AA7}.Debug|Any CPU.Build.0 = Debug|Any CPU
		{F7250DAA-718B-44FB-990B-AD7DFC488AA7}.Release|Any CPU.ActiveCfg = Release|Any CPU
		{F7250DAA-718B-44FB-990B-AD7DFC488AA7}.Release|Any CPU.Build.0 = Release|Any CPU
		{651432D5-8481-4807-A422-552EEB4DE8C2}.Debug|Any CPU.ActiveCfg = Debug|Any CPU
		{651432D5-8481-4807-A422-552EEB4DE8C2}.Debug|Any CPU.Build.0 = Debug|Any CPU
		{651432D5-8481-4807-A422-552EEB4DE8C2}.Release|Any CPU.ActiveCfg = Release|Any CPU
		{651432D5-8481-4807-A422-552EEB4DE8C2}.Release|Any CPU.Build.0 = Release|Any CPU
		{FAD8CE20-6164-4986-B3C1-6DF1EFF3C58B}.Debug|Any CPU.ActiveCfg = Debug|Any CPU
		{FAD8CE20-6164-4986-B3C1-6DF1EFF3C58B}.Debug|Any CPU.Build.0 = Debug|Any CPU
		{FAD8CE20-6164-4986-B3C1-6DF1EFF3C58B}.Release|Any CPU.ActiveCfg = Release|Any CPU
		{FAD8CE20-6164-4986-B3C1-6DF1EFF3C58B}.Release|Any CPU.Build.0 = Release|Any CPU
		{02479358-D65A-4EF1-BA14-BD21706FBA20}.Debug|Any CPU.ActiveCfg = Debug|Any CPU
		{02479358-D65A-4EF1-BA14-BD21706FBA20}.Debug|Any CPU.Build.0 = Debug|Any CPU
		{02479358-D65A-4EF1-BA14-BD21706FBA20}.Release|Any CPU.ActiveCfg = Release|Any CPU
		{02479358-D65A-4EF1-BA14-BD21706FBA20}.Release|Any CPU.Build.0 = Release|Any CPU
		{4A5DD2D1-38C0-45AA-8208-D3F22F01139B}.Debug|Any CPU.ActiveCfg = Debug|Any CPU
		{4A5DD2D1-38C0-45AA-8208-D3F22F01139B}.Debug|Any CPU.Build.0 = Debug|Any CPU
		{4A5DD2D1-38C0-45AA-8208-D3F22F01139B}.Release|Any CPU.ActiveCfg = Release|Any CPU
		{4A5DD2D1-38C0-45AA-8208-D3F22F01139B}.Release|Any CPU.Build.0 = Release|Any CPU
		{268FCE94-786F-4C3D-8C39-6F5644CE2017}.Debug|Any CPU.ActiveCfg = Debug|Any CPU
		{268FCE94-786F-4C3D-8C39-6F5644CE2017}.Debug|Any CPU.Build.0 = Debug|Any CPU
		{268FCE94-786F-4C3D-8C39-6F5644CE2017}.Release|Any CPU.ActiveCfg = Release|Any CPU
		{268FCE94-786F-4C3D-8C39-6F5644CE2017}.Release|Any CPU.Build.0 = Release|Any CPU
		{245ABB46-29DB-4314-9B9F-0899FAD2AA33}.Debug|Any CPU.ActiveCfg = Debug|Any CPU
		{245ABB46-29DB-4314-9B9F-0899FAD2AA33}.Debug|Any CPU.Build.0 = Debug|Any CPU
		{245ABB46-29DB-4314-9B9F-0899FAD2AA33}.Release|Any CPU.ActiveCfg = Release|Any CPU
		{245ABB46-29DB-4314-9B9F-0899FAD2AA33}.Release|Any CPU.Build.0 = Release|Any CPU
		{E806D1DE-6FFC-4C71-B2D3-3CC9DE91C180}.Debug|Any CPU.ActiveCfg = Debug|Any CPU
		{E806D1DE-6FFC-4C71-B2D3-3CC9DE91C180}.Debug|Any CPU.Build.0 = Debug|Any CPU
		{E806D1DE-6FFC-4C71-B2D3-3CC9DE91C180}.Release|Any CPU.ActiveCfg = Release|Any CPU
		{E806D1DE-6FFC-4C71-B2D3-3CC9DE91C180}.Release|Any CPU.Build.0 = Release|Any CPU
		{19F13DE8-3351-45C5-82C7-DB127E318306}.Debug|Any CPU.ActiveCfg = Debug|Any CPU
		{19F13DE8-3351-45C5-82C7-DB127E318306}.Debug|Any CPU.Build.0 = Debug|Any CPU
		{19F13DE8-3351-45C5-82C7-DB127E318306}.Release|Any CPU.ActiveCfg = Release|Any CPU
		{19F13DE8-3351-45C5-82C7-DB127E318306}.Release|Any CPU.Build.0 = Release|Any CPU
		{597D37CF-D230-42C7-A168-01605114170D}.Debug|Any CPU.ActiveCfg = Debug|Any CPU
		{597D37CF-D230-42C7-A168-01605114170D}.Debug|Any CPU.Build.0 = Debug|Any CPU
		{597D37CF-D230-42C7-A168-01605114170D}.Release|Any CPU.ActiveCfg = Release|Any CPU
		{597D37CF-D230-42C7-A168-01605114170D}.Release|Any CPU.Build.0 = Release|Any CPU
		{042D62F6-C2DD-4DAD-A2B5-9440871875B8}.Debug|Any CPU.ActiveCfg = Debug|Any CPU
		{042D62F6-C2DD-4DAD-A2B5-9440871875B8}.Debug|Any CPU.Build.0 = Debug|Any CPU
		{042D62F6-C2DD-4DAD-A2B5-9440871875B8}.Release|Any CPU.ActiveCfg = Release|Any CPU
		{042D62F6-C2DD-4DAD-A2B5-9440871875B8}.Release|Any CPU.Build.0 = Release|Any CPU
	EndGlobalSection
	GlobalSection(SolutionProperties) = preSolution
		HideSolutionNode = FALSE
	EndGlobalSection
	GlobalSection(NestedProjects) = preSolution
		{6A10979B-FBAE-488A-B5BC-0E45716DFE88} = {215584EC-8DFC-4DAD-B3A0-D419CEC24260}
		{A52EF787-A7DD-4F2F-99B1-9A62CBE1DE5B} = {59B2BDBC-F7DE-47F8-880E-248202630B1A}
		{A6A8275A-6360-43E7-AB5A-D8A1E96BED06} = {59B2BDBC-F7DE-47F8-880E-248202630B1A}
		{A2193B19-8191-4A28-9E64-23D9083A0531} = {A52EF787-A7DD-4F2F-99B1-9A62CBE1DE5B}
		{F7250DAA-718B-44FB-990B-AD7DFC488AA7} = {A52EF787-A7DD-4F2F-99B1-9A62CBE1DE5B}
		{651432D5-8481-4807-A422-552EEB4DE8C2} = {61C528CD-816E-4FC5-ADFA-C5C25A3C4052}
		{FAD8CE20-6164-4986-B3C1-6DF1EFF3C58B} = {A6A8275A-6360-43E7-AB5A-D8A1E96BED06}
		{02479358-D65A-4EF1-BA14-BD21706FBA20} = {A6A8275A-6360-43E7-AB5A-D8A1E96BED06}
		{4A5DD2D1-38C0-45AA-8208-D3F22F01139B} = {61C528CD-816E-4FC5-ADFA-C5C25A3C4052}
		{268FCE94-786F-4C3D-8C39-6F5644CE2017} = {A6A8275A-6360-43E7-AB5A-D8A1E96BED06}
		{245ABB46-29DB-4314-9B9F-0899FAD2AA33} = {A52EF787-A7DD-4F2F-99B1-9A62CBE1DE5B}
		{E806D1DE-6FFC-4C71-B2D3-3CC9DE91C180} = {61C528CD-816E-4FC5-ADFA-C5C25A3C4052}
		{E0274864-4E39-481B-A93B-7368E68B8902} = {59B2BDBC-F7DE-47F8-880E-248202630B1A}
		{19F13DE8-3351-45C5-82C7-DB127E318306} = {E0274864-4E39-481B-A93B-7368E68B8902}
		{597D37CF-D230-42C7-A168-01605114170D} = {E0274864-4E39-481B-A93B-7368E68B8902}
		{042D62F6-C2DD-4DAD-A2B5-9440871875B8} = {E0274864-4E39-481B-A93B-7368E68B8902}
	EndGlobalSection
	GlobalSection(ExtensibilityGlobals) = postSolution
		SolutionGuid = {876333E7-72D4-4F43-B6F9-9432CA2B7425}
	EndGlobalSection
EndGlobal
