
Microsoft Visual Studio Solution File, Format Version 12.00
# Visual Studio Version 16
VisualStudioVersion = 16.0.29409.12
MinimumVisualStudioVersion = 15.0.26124.0
Project("{9A19103F-16F7-4668-BE54-9A1E7A4F7556}") = "Dal.MongoDb", "src\Dal.MongoDb\Dal.MongoDb.csproj", "{6A10979B-FBAE-488A-B5BC-0E45716DFE88}"
EndProject
Project("{2150E333-8FDC-42A3-9474-1A3956D46DE8}") = "Shared", "Shared", "{215584EC-8DFC-4DAD-B3A0-D419CEC24260}"
EndProject
Project("{2150E333-8FDC-42A3-9474-1A3956D46DE8}") = "Applications", "Applications", "{61C528CD-816E-4FC5-ADFA-C5C25A3C4052}"
EndProject
Project("{2150E333-8FDC-42A3-9474-1A3956D46DE8}") = "Components", "Components", "{59B2BDBC-F7DE-47F8-880E-248202630B1A}"
EndProject
Project("{2150E333-8FDC-42A3-9474-1A3956D46DE8}") = "Car", "Car", "{A52EF787-A7DD-4F2F-99B1-9A62CBE1DE5B}"
EndProject
Project("{2150E333-8FDC-42A3-9474-1A3956D46DE8}") = "Movie", "Movie", "{A6A8275A-6360-43E7-AB5A-D8A1E96BED06}"
EndProject
Project("{9A19103F-16F7-4668-BE54-9A1E7A4F7556}") = "ConsoleApp", "src\ConsoleApp\ConsoleApp.csproj", "{3C4E6452-A0A7-4860-83F1-4AF7A0CF1E57}"
EndProject
Project("{9A19103F-16F7-4668-BE54-9A1E7A4F7556}") = "CarComponent.Domain", "src\CarComponent.Domain\CarComponent.Domain.csproj", "{A2193B19-8191-4A28-9E64-23D9083A0531}"
EndProject
Project("{9A19103F-16F7-4668-BE54-9A1E7A4F7556}") = "CarComponent.Infrastructure.MongoDb", "src\CarComponent.Infrastructure.MongoDb\CarComponent.Infrastructure.MongoDb.csproj", "{F7250DAA-718B-44FB-990B-AD7DFC488AA7}"
EndProject
Project("{2150E333-8FDC-42A3-9474-1A3956D46DE8}") = "Solution Items", "Solution Items", "{73A074B8-D41E-4CCD-AC4B-95DB716EC6C6}"
	ProjectSection(SolutionItems) = preProject
		CodeCoverage.runsettings = CodeCoverage.runsettings
		README.md = README.md
	EndProjectSection
EndProject
Global
	GlobalSection(SolutionConfigurationPlatforms) = preSolution
		Debug|Any CPU = Debug|Any CPU
		Release|Any CPU = Release|Any CPU
	EndGlobalSection
	GlobalSection(ProjectConfigurationPlatforms) = postSolution
		{6A10979B-FBAE-488A-B5BC-0E45716DFE88}.Debug|Any CPU.ActiveCfg = Debug|Any CPU
		{6A10979B-FBAE-488A-B5BC-0E45716DFE88}.Debug|Any CPU.Build.0 = Debug|Any CPU
		{6A10979B-FBAE-488A-B5BC-0E45716DFE88}.Release|Any CPU.ActiveCfg = Release|Any CPU
		{6A10979B-FBAE-488A-B5BC-0E45716DFE88}.Release|Any CPU.Build.0 = Release|Any CPU
		{3C4E6452-A0A7-4860-83F1-4AF7A0CF1E57}.Debug|Any CPU.ActiveCfg = Debug|Any CPU
		{3C4E6452-A0A7-4860-83F1-4AF7A0CF1E57}.Debug|Any CPU.Build.0 = Debug|Any CPU
		{3C4E6452-A0A7-4860-83F1-4AF7A0CF1E57}.Release|Any CPU.ActiveCfg = Release|Any CPU
		{3C4E6452-A0A7-4860-83F1-4AF7A0CF1E57}.Release|Any CPU.Build.0 = Release|Any CPU
		{A2193B19-8191-4A28-9E64-23D9083A0531}.Debug|Any CPU.ActiveCfg = Debug|Any CPU
		{A2193B19-8191-4A28-9E64-23D9083A0531}.Debug|Any CPU.Build.0 = Debug|Any CPU
		{A2193B19-8191-4A28-9E64-23D9083A0531}.Release|Any CPU.ActiveCfg = Release|Any CPU
		{A2193B19-8191-4A28-9E64-23D9083A0531}.Release|Any CPU.Build.0 = Release|Any CPU
		{F7250DAA-718B-44FB-990B-AD7DFC488AA7}.Debug|Any CPU.ActiveCfg = Debug|Any CPU
		{F7250DAA-718B-44FB-990B-AD7DFC488AA7}.Debug|Any CPU.Build.0 = Debug|Any CPU
		{F7250DAA-718B-44FB-990B-AD7DFC488AA7}.Release|Any CPU.ActiveCfg = Release|Any CPU
		{F7250DAA-718B-44FB-990B-AD7DFC488AA7}.Release|Any CPU.Build.0 = Release|Any CPU
	EndGlobalSection
	GlobalSection(SolutionProperties) = preSolution
		HideSolutionNode = FALSE
	EndGlobalSection
	GlobalSection(NestedProjects) = preSolution
		{6A10979B-FBAE-488A-B5BC-0E45716DFE88} = {215584EC-8DFC-4DAD-B3A0-D419CEC24260}
		{A52EF787-A7DD-4F2F-99B1-9A62CBE1DE5B} = {59B2BDBC-F7DE-47F8-880E-248202630B1A}
		{A6A8275A-6360-43E7-AB5A-D8A1E96BED06} = {59B2BDBC-F7DE-47F8-880E-248202630B1A}
		{3C4E6452-A0A7-4860-83F1-4AF7A0CF1E57} = {61C528CD-816E-4FC5-ADFA-C5C25A3C4052}
		{A2193B19-8191-4A28-9E64-23D9083A0531} = {A52EF787-A7DD-4F2F-99B1-9A62CBE1DE5B}
		{F7250DAA-718B-44FB-990B-AD7DFC488AA7} = {A52EF787-A7DD-4F2F-99B1-9A62CBE1DE5B}
	EndGlobalSection
	GlobalSection(ExtensibilityGlobals) = postSolution
		SolutionGuid = {876333E7-72D4-4F43-B6F9-9432CA2B7425}
	EndGlobalSection
EndGlobal
